
Microsoft Visual Studio Solution File, Format Version 12.00
# Visual Studio Version 17
VisualStudioVersion = 17.4.33110.190
MinimumVisualStudioVersion = 10.0.40219.1
Project("{FAE04EC0-301F-11D3-BF4B-00C04F79EFBC}") = "ConsoleApp4", "ConsoleApp4\ConsoleApp4.csproj", "{E579434A-7DFD-43E1-A94A-8897BB82F681}"
EndProject
Global
	GlobalSection(SolutionConfigurationPlatforms) = preSolution
		Debug|Any CPU = Debug|Any CPU
		Release|Any CPU = Release|Any CPU
	EndGlobalSection
	GlobalSection(ProjectConfigurationPlatforms) = postSolution
		{E579434A-7DFD-43E1-A94A-8897BB82F681}.Debug|Any CPU.ActiveCfg = Debug|Any CPU
		{E579434A-7DFD-43E1-A94A-8897BB82F681}.Debug|Any CPU.Build.0 = Debug|Any CPU
		{E579434A-7DFD-43E1-A94A-8897BB82F681}.Release|Any CPU.ActiveCfg = Release|Any CPU
		{E579434A-7DFD-43E1-A94A-8897BB82F681}.Release|Any CPU.Build.0 = Release|Any CPU
	EndGlobalSection
	GlobalSection(SolutionProperties) = preSolution
		HideSolutionNode = FALSE
	EndGlobalSection
	GlobalSection(ExtensibilityGlobals) = postSolution
		SolutionGuid = {4C259C61-18BA-433A-8CED-898747FA018D}
	EndGlobalSection
EndGlobal
