
Microsoft Visual Studio Solution File, Format Version 12.00
# Visual Studio Version 17
VisualStudioVersion = 17.4.33110.190
MinimumVisualStudioVersion = 10.0.40219.1
Project("{FAE04EC0-301F-11D3-BF4B-00C04F79EFBC}") = "ConsoleApp1", "ConsoleApp1\ConsoleApp1.csproj", "{940AA299-D6C9-4D4C-8208-DBC88F156C9D}"
EndProject
Global
	GlobalSection(SolutionConfigurationPlatforms) = preSolution
		Debug|Any CPU = Debug|Any CPU
		Release|Any CPU = Release|Any CPU
	EndGlobalSection
	GlobalSection(ProjectConfigurationPlatforms) = postSolution
		{940AA299-D6C9-4D4C-8208-DBC88F156C9D}.Debug|Any CPU.ActiveCfg = Debug|Any CPU
		{940AA299-D6C9-4D4C-8208-DBC88F156C9D}.Debug|Any CPU.Build.0 = Debug|Any CPU
		{940AA299-D6C9-4D4C-8208-DBC88F156C9D}.Release|Any CPU.ActiveCfg = Release|Any CPU
		{940AA299-D6C9-4D4C-8208-DBC88F156C9D}.Release|Any CPU.Build.0 = Release|Any CPU
	EndGlobalSection
	GlobalSection(SolutionProperties) = preSolution
		HideSolutionNode = FALSE
	EndGlobalSection
	GlobalSection(ExtensibilityGlobals) = postSolution
		SolutionGuid = {BC3D2318-CFE8-4A0A-9750-FF9D99449174}
	EndGlobalSection
EndGlobal
